# THIS IS AN AUTOGENERATED FILE. DO NOT EDIT THIS FILE DIRECTLY.
# yarn lockfile v1
vue-resource@^1.0.3:
  version "1.0.3"
  resolved "https://registry.yarnpkg.com/vue-resource/-/vue-resource-1.0.3.tgz#8d52d0d8a9ed5f2ae704c68d530c84ceaf97be14"

vue-router@^2.0.2:
  version "2.1.1"
  resolved "https://registry.yarnpkg.com/vue-router/-/vue-router-2.1.1.tgz#10c31bbdcb6da92bd3e0223fa12345e73018625a"

vue-validator@^3.0.0-alpha.1:
  version "3.0.0-alpha.1"
  resolved "https://registry.yarnpkg.com/vue-validator/-/vue-validator-3.0.0-alpha.1.tgz#38cc6e5677acaefe9b0ee86951ccc0351b29bdb2"

vue@^2.0.5:
  version "2.1.6"
  resolved "https://registry.yarnpkg.com/vue/-/vue-2.1.6.tgz#2fc0024c07479ac6bc7d34a2cd5ef9ca5e90b143"

vuex@^2.0.0:
  version "2.0.0"
  resolved "https://registry.yarnpkg.com/vuex/-/vuex-2.0.0.tgz#26befa44de220f009e432d1027487bff29571cee"

